{
  "version": 4,
  "terraform_version": "1.13.2",
  "serial": 26,
  "lineage": "760a92ba-1722-4c9e-7289-f5254e99323e",
  "outputs": {},
  "resources": [
    {
      "module": "module.mysqlserver",
      "mode": "managed",
      "type": "azurerm_mssql_firewall_rule",
      "name": "firewallsqlblock",
      "provider": "provider[\"registry.terraform.io/hashicorp/azurerm\"]",
      "instances": [
        {
          "index_key": "sql1",
          "schema_version": 0,
          "attributes": {
            "end_ip_address": "0.0.0.0",
            "id": "/subscriptions/bd6e61a5-d2a5-4a90-95dd-c977f616c3b7/resourceGroups/Daksh1/providers/Microsoft.Sql/servers/prodsqlmyserver/firewallRules/prodsql_serverrule",
            "name": "prodsql_serverrule",
            "server_id": "/subscriptions/bd6e61a5-d2a5-4a90-95dd-c977f616c3b7/resourceGroups/Daksh1/providers/Microsoft.Sql/servers/prodsqlmyserver",
            "start_ip_address": "0.0.0.0",
            "timeouts": null
          },
          "sensitive_attributes": [],
          "identity_schema_version": 0,
          "private": "eyJlMmJmYjczMC1lY2FhLTExZTYtOGY4OC0zNDM2M2JjN2M0YzAiOnsiY3JlYXRlIjoxODAwMDAwMDAwMDAwLCJkZWxldGUiOjE4MDAwMDAwMDAwMDAsInJlYWQiOjMwMDAwMDAwMDAwMCwidXBkYXRlIjoxODAwMDAwMDAwMDAwfX0=",
          "dependencies": [
            "module.mysqlserver.azurerm_mssql_server.sqlserverblock",
            "module.prodnic.azurerm_network_interface.nic",
            "module.prodnic.data.azurerm_public_ip.datapip",
            "module.prodnic.data.azurerm_subnet.datasubnet",
            "module.prodsubnet.azurerm_subnet.subnet",
            "module.rgmodule.azurerm_resource_group.rg",
            "module.vmmodule.azurerm_linux_virtual_machine.vm",
            "module.vmmodule.data.azurerm_key_vault.kv",
            "module.vmmodule.data.azurerm_key_vault_secret.vm_password",
            "module.vmmodule.data.azurerm_key_vault_secret.vm_username",
            "module.vmmodule.data.azurerm_network_interface.datanic",
            "module.vnetmodule.azurerm_virtual_network.example"
          ]
        }
      ]
    },
    {
      "module": "module.mysqlserver",
      "mode": "managed",
      "type": "azurerm_mssql_server",
      "name": "sqlserverblock",
      "provider": "provider[\"registry.terraform.io/hashicorp/azurerm\"]",
      "instances": [
        {
          "index_key": "sql1",
          "schema_version": 0,
          "attributes": {
            "administrator_login": "mysqladmin",
            "administrator_login_password": "Adminpass@123456",
            "administrator_login_password_wo": null,
            "administrator_login_password_wo_version": 0,
            "azuread_administrator": [],
            "connection_policy": "Default",
            "express_vulnerability_assessment_enabled": false,
            "fully_qualified_domain_name": "prodsqlmyserver.database.windows.net",
            "id": "/subscriptions/bd6e61a5-d2a5-4a90-95dd-c977f616c3b7/resourceGroups/Daksh1/providers/Microsoft.Sql/servers/prodsqlmyserver",
            "identity": [],
            "location": "centralindia",
            "minimum_tls_version": "1.2",
            "name": "prodsqlmyserver",
            "outbound_network_restriction_enabled": false,
            "primary_user_assigned_identity_id": "",
            "public_network_access_enabled": true,
            "resource_group_name": "Daksh1",
            "restorable_dropped_database_ids": [],
            "tags": null,
            "timeouts": null,
            "transparent_data_encryption_key_vault_key_id": "",
            "version": "12.0"
          },
          "sensitive_attributes": [
            [
              {
                "type": "get_attr",
                "value": "administrator_login_password"
              }
            ],
            [
              {
                "type": "get_attr",
                "value": "administrator_login_password_wo"
              }
            ]
          ],
          "identity_schema_version": 0,
          "private": "eyJlMmJmYjczMC1lY2FhLTExZTYtOGY4OC0zNDM2M2JjN2M0YzAiOnsiY3JlYXRlIjozNjAwMDAwMDAwMDAwLCJkZWxldGUiOjM2MDAwMDAwMDAwMDAsInJlYWQiOjMwMDAwMDAwMDAwMCwidXBkYXRlIjozNjAwMDAwMDAwMDAwfX0=",
          "dependencies": [
            "module.prodnic.azurerm_network_interface.nic",
            "module.prodnic.data.azurerm_public_ip.datapip",
            "module.prodnic.data.azurerm_subnet.datasubnet",
            "module.prodsubnet.azurerm_subnet.subnet",
            "module.rgmodule.azurerm_resource_group.rg",
            "module.vmmodule.azurerm_linux_virtual_machine.vm",
            "module.vmmodule.data.azurerm_key_vault.kv",
            "module.vmmodule.data.azurerm_key_vault_secret.vm_password",
            "module.vmmodule.data.azurerm_key_vault_secret.vm_username",
            "module.vmmodule.data.azurerm_network_interface.datanic",
            "module.vnetmodule.azurerm_virtual_network.example"
          ]
        }
      ]
    },
    {
      "module": "module.pipmodule",
      "mode": "managed",
      "type": "azurerm_public_ip",
      "name": "example",
      "provider": "provider[\"registry.terraform.io/hashicorp/azurerm\"]",
      "instances": [
        {
          "index_key": "pip1",
          "schema_version": 0,
          "attributes": {
            "allocation_method": "Static",
            "ddos_protection_mode": "VirtualNetworkInherited",
            "ddos_protection_plan_id": null,
            "domain_name_label": null,
            "domain_name_label_scope": null,
            "edge_zone": "",
            "fqdn": null,
            "id": "/subscriptions/bd6e61a5-d2a5-4a90-95dd-c977f616c3b7/resourceGroups/Daksh1/providers/Microsoft.Network/publicIPAddresses/prodpip1",
            "idle_timeout_in_minutes": 4,
            "ip_address": "74.225.129.134",
            "ip_tags": null,
            "ip_version": "IPv4",
            "location": "centralindia",
            "name": "prodpip1",
            "public_ip_prefix_id": null,
            "resource_group_name": "Daksh1",
            "reverse_fqdn": null,
            "sku": "Standard",
            "sku_tier": "Regional",
            "tags": null,
            "timeouts": null,
            "zones": null
          },
          "sensitive_attributes": [],
          "identity_schema_version": 0,
          "private": "eyJlMmJmYjczMC1lY2FhLTExZTYtOGY4OC0zNDM2M2JjN2M0YzAiOnsiY3JlYXRlIjoxODAwMDAwMDAwMDAwLCJkZWxldGUiOjE4MDAwMDAwMDAwMDAsInJlYWQiOjMwMDAwMDAwMDAwMCwidXBkYXRlIjoxODAwMDAwMDAwMDAwfX0=",
          "dependencies": [
            "module.rgmodule.azurerm_resource_group.rg"
          ]
        },
        {
          "index_key": "pip2",
          "schema_version": 0,
          "attributes": {
            "allocation_method": "Static",
            "ddos_protection_mode": "VirtualNetworkInherited",
            "ddos_protection_plan_id": null,
            "domain_name_label": null,
            "domain_name_label_scope": null,
            "edge_zone": "",
            "fqdn": null,
            "id": "/subscriptions/bd6e61a5-d2a5-4a90-95dd-c977f616c3b7/resourceGroups/Daksh1/providers/Microsoft.Network/publicIPAddresses/prodpip2",
            "idle_timeout_in_minutes": 4,
            "ip_address": "74.225.138.116",
            "ip_tags": null,
            "ip_version": "IPv4",
            "location": "centralindia",
            "name": "prodpip2",
            "public_ip_prefix_id": null,
            "resource_group_name": "Daksh1",
            "reverse_fqdn": null,
            "sku": "Standard",
            "sku_tier": "Regional",
            "tags": null,
            "timeouts": null,
            "zones": null
          },
          "sensitive_attributes": [],
          "identity_schema_version": 0,
          "private": "eyJlMmJmYjczMC1lY2FhLTExZTYtOGY4OC0zNDM2M2JjN2M0YzAiOnsiY3JlYXRlIjoxODAwMDAwMDAwMDAwLCJkZWxldGUiOjE4MDAwMDAwMDAwMDAsInJlYWQiOjMwMDAwMDAwMDAwMCwidXBkYXRlIjoxODAwMDAwMDAwMDAwfX0=",
          "dependencies": [
            "module.rgmodule.azurerm_resource_group.rg"
          ]
        }
      ]
    },
    {
      "module": "module.prodnic",
      "mode": "data",
      "type": "azurerm_public_ip",
      "name": "datapip",
      "provider": "provider[\"registry.terraform.io/hashicorp/azurerm\"]",
      "instances": [
        {
          "index_key": "pip1",
          "schema_version": 0,
          "attributes": {
            "allocation_method": "Static",
            "ddos_protection_mode": "VirtualNetworkInherited",
            "ddos_protection_plan_id": null,
            "domain_name_label": "",
            "fqdn": "",
            "id": "/subscriptions/bd6e61a5-d2a5-4a90-95dd-c977f616c3b7/resourceGroups/Daksh1/providers/Microsoft.Network/publicIPAddresses/prodpip1",
            "idle_timeout_in_minutes": 4,
            "ip_address": "74.225.129.134",
            "ip_tags": {},
            "ip_version": "IPv4",
            "location": "centralindia",
            "name": "prodpip1",
            "resource_group_name": "Daksh1",
            "reverse_fqdn": "",
            "sku": "Standard",
            "tags": {},
            "timeouts": null,
            "zones": []
          },
          "sensitive_attributes": [],
          "identity_schema_version": 0
        },
        {
          "index_key": "pip2",
          "schema_version": 0,
          "attributes": {
            "allocation_method": "Static",
            "ddos_protection_mode": "VirtualNetworkInherited",
            "ddos_protection_plan_id": null,
            "domain_name_label": "",
            "fqdn": "",
            "id": "/subscriptions/bd6e61a5-d2a5-4a90-95dd-c977f616c3b7/resourceGroups/Daksh1/providers/Microsoft.Network/publicIPAddresses/prodpip2",
            "idle_timeout_in_minutes": 4,
            "ip_address": "74.225.138.116",
            "ip_tags": {},
            "ip_version": "IPv4",
            "location": "centralindia",
            "name": "prodpip2",
            "resource_group_name": "Daksh1",
            "reverse_fqdn": "",
            "sku": "Standard",
            "tags": {},
            "timeouts": null,
            "zones": []
          },
          "sensitive_attributes": [],
          "identity_schema_version": 0
        }
      ]
    },
    {
      "module": "module.prodnic",
      "mode": "data",
      "type": "azurerm_subnet",
      "name": "datasubnet",
      "provider": "provider[\"registry.terraform.io/hashicorp/azurerm\"]",
      "instances": [
        {
          "index_key": "subnet1",
          "schema_version": 0,
          "attributes": {
            "address_prefix": "10.0.1.0/24",
            "address_prefixes": [
              "10.0.1.0/24"
            ],
            "default_outbound_access_enabled": true,
            "id": "/subscriptions/bd6e61a5-d2a5-4a90-95dd-c977f616c3b7/resourceGroups/Daksh1/providers/Microsoft.Network/virtualNetworks/prodvnet1/subnets/prod-subnet1",
            "name": "prod-subnet1",
            "network_security_group_id": "",
            "private_endpoint_network_policies": "Disabled",
            "private_link_service_network_policies_enabled": true,
            "resource_group_name": "Daksh1",
            "route_table_id": "",
            "service_endpoints": [],
            "timeouts": null,
            "virtual_network_name": "prodvnet1"
          },
          "sensitive_attributes": [],
          "identity_schema_version": 0
        },
        {
          "index_key": "subnet2",
          "schema_version": 0,
          "attributes": {
            "address_prefix": "10.0.2.0/24",
            "address_prefixes": [
              "10.0.2.0/24"
            ],
            "default_outbound_access_enabled": true,
            "id": "/subscriptions/bd6e61a5-d2a5-4a90-95dd-c977f616c3b7/resourceGroups/Daksh1/providers/Microsoft.Network/virtualNetworks/prodvnet1/subnets/prod-subnet2",
            "name": "prod-subnet2",
            "network_security_group_id": "",
            "private_endpoint_network_policies": "Disabled",
            "private_link_service_network_policies_enabled": true,
            "resource_group_name": "Daksh1",
            "route_table_id": "",
            "service_endpoints": [],
            "timeouts": null,
            "virtual_network_name": "prodvnet1"
          },
          "sensitive_attributes": [],
          "identity_schema_version": 0
        }
      ]
    },
    {
      "module": "module.prodnic",
      "mode": "managed",
      "type": "azurerm_network_interface",
      "name": "nic",
      "provider": "provider[\"registry.terraform.io/hashicorp/azurerm\"]",
      "instances": [
        {
          "index_key": "nic1",
          "schema_version": 0,
          "attributes": {
            "accelerated_networking_enabled": false,
            "applied_dns_servers": [],
            "auxiliary_mode": "",
            "auxiliary_sku": "",
            "dns_servers": null,
            "edge_zone": "",
            "id": "/subscriptions/bd6e61a5-d2a5-4a90-95dd-c977f616c3b7/resourceGroups/Daksh1/providers/Microsoft.Network/networkInterfaces/prodnic1",
            "internal_dns_name_label": "",
            "internal_domain_name_suffix": "bq2zebkzgikuth513md4usmuif.rx.internal.cloudapp.net",
            "ip_configuration": [
              {
                "gateway_load_balancer_frontend_ip_configuration_id": "",
                "name": "internal",
                "primary": true,
                "private_ip_address": "10.0.1.4",
                "private_ip_address_allocation": "Dynamic",
                "private_ip_address_version": "IPv4",
                "public_ip_address_id": "/subscriptions/bd6e61a5-d2a5-4a90-95dd-c977f616c3b7/resourceGroups/Daksh1/providers/Microsoft.Network/publicIPAddresses/prodpip1",
                "subnet_id": "/subscriptions/bd6e61a5-d2a5-4a90-95dd-c977f616c3b7/resourceGroups/Daksh1/providers/Microsoft.Network/virtualNetworks/prodvnet1/subnets/prod-subnet1"
              }
            ],
            "ip_forwarding_enabled": false,
            "location": "centralindia",
            "mac_address": "",
            "name": "prodnic1",
            "private_ip_address": "10.0.1.4",
            "private_ip_addresses": [
              "10.0.1.4"
            ],
            "resource_group_name": "Daksh1",
            "tags": null,
            "timeouts": null,
            "virtual_machine_id": ""
          },
          "sensitive_attributes": [],
          "identity_schema_version": 0,
          "identity": {
            "name": "prodnic1",
            "resource_group_name": "Daksh1",
            "subscription_id": "bd6e61a5-d2a5-4a90-95dd-c977f616c3b7"
          },
          "private": "eyJlMmJmYjczMC1lY2FhLTExZTYtOGY4OC0zNDM2M2JjN2M0YzAiOnsiY3JlYXRlIjoxODAwMDAwMDAwMDAwLCJkZWxldGUiOjE4MDAwMDAwMDAwMDAsInJlYWQiOjMwMDAwMDAwMDAwMCwidXBkYXRlIjoxODAwMDAwMDAwMDAwfX0=",
          "dependencies": [
            "module.prodnic.data.azurerm_public_ip.datapip",
            "module.prodnic.data.azurerm_subnet.datasubnet",
            "module.prodsubnet.azurerm_subnet.subnet",
            "module.rgmodule.azurerm_resource_group.rg",
            "module.vnetmodule.azurerm_virtual_network.example"
          ]
        },
        {
          "index_key": "nic2",
          "schema_version": 0,
          "attributes": {
            "accelerated_networking_enabled": false,
            "applied_dns_servers": [],
            "auxiliary_mode": "",
            "auxiliary_sku": "",
            "dns_servers": null,
            "edge_zone": "",
            "id": "/subscriptions/bd6e61a5-d2a5-4a90-95dd-c977f616c3b7/resourceGroups/Daksh1/providers/Microsoft.Network/networkInterfaces/prodnic2",
            "internal_dns_name_label": "",
            "internal_domain_name_suffix": "bq2zebkzgikuth513md4usmuif.rx.internal.cloudapp.net",
            "ip_configuration": [
              {
                "gateway_load_balancer_frontend_ip_configuration_id": "",
                "name": "internal",
                "primary": true,
                "private_ip_address": "10.0.2.4",
                "private_ip_address_allocation": "Dynamic",
                "private_ip_address_version": "IPv4",
                "public_ip_address_id": "/subscriptions/bd6e61a5-d2a5-4a90-95dd-c977f616c3b7/resourceGroups/Daksh1/providers/Microsoft.Network/publicIPAddresses/prodpip2",
                "subnet_id": "/subscriptions/bd6e61a5-d2a5-4a90-95dd-c977f616c3b7/resourceGroups/Daksh1/providers/Microsoft.Network/virtualNetworks/prodvnet1/subnets/prod-subnet2"
              }
            ],
            "ip_forwarding_enabled": false,
            "location": "centralindia",
            "mac_address": "",
            "name": "prodnic2",
            "private_ip_address": "10.0.2.4",
            "private_ip_addresses": [
              "10.0.2.4"
            ],
            "resource_group_name": "Daksh1",
            "tags": null,
            "timeouts": null,
            "virtual_machine_id": ""
          },
          "sensitive_attributes": [],
          "identity_schema_version": 0,
          "identity": {
            "name": "prodnic2",
            "resource_group_name": "Daksh1",
            "subscription_id": "bd6e61a5-d2a5-4a90-95dd-c977f616c3b7"
          },
          "private": "eyJlMmJmYjczMC1lY2FhLTExZTYtOGY4OC0zNDM2M2JjN2M0YzAiOnsiY3JlYXRlIjoxODAwMDAwMDAwMDAwLCJkZWxldGUiOjE4MDAwMDAwMDAwMDAsInJlYWQiOjMwMDAwMDAwMDAwMCwidXBkYXRlIjoxODAwMDAwMDAwMDAwfX0=",
          "dependencies": [
            "module.prodnic.data.azurerm_public_ip.datapip",
            "module.prodnic.data.azurerm_subnet.datasubnet",
            "module.prodsubnet.azurerm_subnet.subnet",
            "module.rgmodule.azurerm_resource_group.rg",
            "module.vnetmodule.azurerm_virtual_network.example"
          ]
        }
      ]
    },
    {
      "module": "module.prodsubnet",
      "mode": "managed",
      "type": "azurerm_subnet",
      "name": "subnet",
      "provider": "provider[\"registry.terraform.io/hashicorp/azurerm\"]",
      "instances": [
        {
          "index_key": "subnet1",
          "schema_version": 0,
          "attributes": {
            "address_prefixes": [
              "10.0.1.0/24"
            ],
            "default_outbound_access_enabled": true,
            "delegation": [],
            "id": "/subscriptions/bd6e61a5-d2a5-4a90-95dd-c977f616c3b7/resourceGroups/Daksh1/providers/Microsoft.Network/virtualNetworks/prodvnet1/subnets/prod-subnet1",
            "ip_address_pool": [],
            "name": "prod-subnet1",
            "private_endpoint_network_policies": "Disabled",
            "private_link_service_network_policies_enabled": true,
            "resource_group_name": "Daksh1",
            "service_endpoint_policy_ids": null,
            "service_endpoints": null,
            "sharing_scope": "",
            "timeouts": null,
            "virtual_network_name": "prodvnet1"
          },
          "sensitive_attributes": [],
          "identity_schema_version": 0,
          "identity": {
            "name": "prod-subnet1",
            "resource_group_name": "Daksh1",
            "subscription_id": "bd6e61a5-d2a5-4a90-95dd-c977f616c3b7",
            "virtual_network_name": "prodvnet1"
          },
          "private": "eyJlMmJmYjczMC1lY2FhLTExZTYtOGY4OC0zNDM2M2JjN2M0YzAiOnsiY3JlYXRlIjoxODAwMDAwMDAwMDAwLCJkZWxldGUiOjE4MDAwMDAwMDAwMDAsInJlYWQiOjMwMDAwMDAwMDAwMCwidXBkYXRlIjoxODAwMDAwMDAwMDAwfX0=",
          "dependencies": [
            "module.rgmodule.azurerm_resource_group.rg",
            "module.vnetmodule.azurerm_virtual_network.example"
          ]
        },
        {
          "index_key": "subnet2",
          "schema_version": 0,
          "attributes": {
            "address_prefixes": [
              "10.0.2.0/24"
            ],
            "default_outbound_access_enabled": true,
            "delegation": [],
            "id": "/subscriptions/bd6e61a5-d2a5-4a90-95dd-c977f616c3b7/resourceGroups/Daksh1/providers/Microsoft.Network/virtualNetworks/prodvnet1/subnets/prod-subnet2",
            "ip_address_pool": [],
            "name": "prod-subnet2",
            "private_endpoint_network_policies": "Disabled",
            "private_link_service_network_policies_enabled": true,
            "resource_group_name": "Daksh1",
            "service_endpoint_policy_ids": null,
            "service_endpoints": null,
            "sharing_scope": "",
            "timeouts": null,
            "virtual_network_name": "prodvnet1"
          },
          "sensitive_attributes": [],
          "identity_schema_version": 0,
          "identity": {
            "name": "prod-subnet2",
            "resource_group_name": "Daksh1",
            "subscription_id": "bd6e61a5-d2a5-4a90-95dd-c977f616c3b7",
            "virtual_network_name": "prodvnet1"
          },
          "private": "eyJlMmJmYjczMC1lY2FhLTExZTYtOGY4OC0zNDM2M2JjN2M0YzAiOnsiY3JlYXRlIjoxODAwMDAwMDAwMDAwLCJkZWxldGUiOjE4MDAwMDAwMDAwMDAsInJlYWQiOjMwMDAwMDAwMDAwMCwidXBkYXRlIjoxODAwMDAwMDAwMDAwfX0=",
          "dependencies": [
            "module.rgmodule.azurerm_resource_group.rg",
            "module.vnetmodule.azurerm_virtual_network.example"
          ]
        }
      ]
    },
    {
      "module": "module.rgmodule",
      "mode": "managed",
      "type": "azurerm_resource_group",
      "name": "rg",
      "provider": "provider[\"registry.terraform.io/hashicorp/azurerm\"]",
      "instances": [
        {
          "index_key": "rg1",
          "schema_version": 0,
          "attributes": {
            "id": "/subscriptions/bd6e61a5-d2a5-4a90-95dd-c977f616c3b7/resourceGroups/Daksh1",
            "location": "centralindia",
            "managed_by": "",
            "name": "Daksh1",
            "tags": null,
            "timeouts": null
          },
          "sensitive_attributes": [],
          "identity_schema_version": 0,
          "identity": {
            "name": "Daksh1",
            "subscription_id": "bd6e61a5-d2a5-4a90-95dd-c977f616c3b7"
          },
          "private": "eyJlMmJmYjczMC1lY2FhLTExZTYtOGY4OC0zNDM2M2JjN2M0YzAiOnsiY3JlYXRlIjo1NDAwMDAwMDAwMDAwLCJkZWxldGUiOjU0MDAwMDAwMDAwMDAsInJlYWQiOjMwMDAwMDAwMDAwMCwidXBkYXRlIjo1NDAwMDAwMDAwMDAwfX0="
        },
        {
          "index_key": "rg2",
          "schema_version": 0,
          "attributes": {
            "id": "/subscriptions/bd6e61a5-d2a5-4a90-95dd-c977f616c3b7/resourceGroups/Daksh3",
            "location": "southindia",
            "managed_by": "",
            "name": "Daksh3",
            "tags": null,
            "timeouts": null
          },
          "sensitive_attributes": [],
          "identity_schema_version": 0,
          "identity": {
            "name": "Daksh3",
            "subscription_id": "bd6e61a5-d2a5-4a90-95dd-c977f616c3b7"
          },
          "private": "eyJlMmJmYjczMC1lY2FhLTExZTYtOGY4OC0zNDM2M2JjN2M0YzAiOnsiY3JlYXRlIjo1NDAwMDAwMDAwMDAwLCJkZWxldGUiOjU0MDAwMDAwMDAwMDAsInJlYWQiOjMwMDAwMDAwMDAwMCwidXBkYXRlIjo1NDAwMDAwMDAwMDAwfX0="
        }
      ]
    },
    {
      "module": "module.sqldatabase",
      "mode": "data",
      "type": "azurerm_mssql_server",
      "name": "sqldata",
      "provider": "provider[\"registry.terraform.io/hashicorp/azurerm\"]",
      "instances": [
        {
          "index_key": "database1",
          "schema_version": 0,
          "attributes": {
            "administrator_login": "mysqladmin",
            "express_vulnerability_assessment_enabled": false,
            "fully_qualified_domain_name": "prodsqlmyserver.database.windows.net",
            "id": "/subscriptions/bd6e61a5-d2a5-4a90-95dd-c977f616c3b7/resourceGroups/Daksh1/providers/Microsoft.Sql/servers/prodsqlmyserver",
            "identity": [],
            "location": "centralindia",
            "name": "prodsqlmyserver",
            "resource_group_name": "Daksh1",
            "restorable_dropped_database_ids": [],
            "tags": {},
            "timeouts": null,
            "transparent_data_encryption_key_vault_key_id": "",
            "version": "12.0"
          },
          "sensitive_attributes": [],
          "identity_schema_version": 0
        }
      ]
    },
    {
      "module": "module.sqldatabase",
      "mode": "managed",
      "type": "azurerm_mssql_database",
      "name": "sqldatabaseblock",
      "provider": "provider[\"registry.terraform.io/hashicorp/azurerm\"]",
      "instances": [
        {
          "index_key": "database1",
          "schema_version": 1,
          "attributes": {
            "auto_pause_delay_in_minutes": 0,
            "collation": "SQL_Latin1_General_CP1_CI_AS",
            "create_mode": "Default",
            "creation_source_database_id": null,
            "elastic_pool_id": "",
            "enclave_type": "VBS",
            "geo_backup_enabled": true,
            "id": "/subscriptions/bd6e61a5-d2a5-4a90-95dd-c977f616c3b7/resourceGroups/Daksh1/providers/Microsoft.Sql/servers/prodsqlmyserver/databases/prodsql_database",
            "identity": [],
            "import": [],
            "ledger_enabled": false,
            "license_type": "LicenseIncluded",
            "long_term_retention_policy": [
              {
                "immutable_backups_enabled": false,
                "monthly_retention": "PT0S",
                "week_of_year": 1,
                "weekly_retention": "PT0S",
                "yearly_retention": "PT0S"
              }
            ],
            "maintenance_configuration_name": "SQL_Default",
            "max_size_gb": 2,
            "min_capacity": 0,
            "name": "prodsql_database",
            "read_replica_count": 0,
            "read_scale": false,
            "recover_database_id": null,
            "recovery_point_id": null,
            "restore_dropped_database_id": null,
            "restore_long_term_retention_backup_id": null,
            "restore_point_in_time": null,
            "sample_name": null,
            "secondary_type": "",
            "server_id": "/subscriptions/bd6e61a5-d2a5-4a90-95dd-c977f616c3b7/resourceGroups/Daksh1/providers/Microsoft.Sql/servers/prodsqlmyserver",
            "short_term_retention_policy": [
              {
                "backup_interval_in_hours": 24,
                "retention_days": 7
              }
            ],
            "sku_name": "S0",
            "storage_account_type": "Geo",
            "tags": null,
            "threat_detection_policy": [
              {
                "disabled_alerts": [],
                "email_account_admins": "Disabled",
                "email_addresses": [],
                "retention_days": 0,
                "state": "Disabled",
                "storage_account_access_key": "",
                "storage_endpoint": ""
              }
            ],
            "timeouts": null,
            "transparent_data_encryption_enabled": true,
            "transparent_data_encryption_key_automatic_rotation_enabled": false,
            "transparent_data_encryption_key_vault_key_id": "",
            "zone_redundant": false
          },
          "sensitive_attributes": [
            [
              {
                "type": "get_attr",
                "value": "threat_detection_policy"
              },
              {
                "type": "index",
                "value": {
                  "value": 0,
                  "type": "number"
                }
              },
              {
                "type": "get_attr",
                "value": "storage_account_access_key"
              }
            ]
          ],
          "identity_schema_version": 0,
          "private": "eyJlMmJmYjczMC1lY2FhLTExZTYtOGY4OC0zNDM2M2JjN2M0YzAiOnsiY3JlYXRlIjozNjAwMDAwMDAwMDAwLCJkZWxldGUiOjM2MDAwMDAwMDAwMDAsInJlYWQiOjMwMDAwMDAwMDAwMCwidXBkYXRlIjozNjAwMDAwMDAwMDAwfSwic2NoZW1hX3ZlcnNpb24iOiIxIn0=",
          "dependencies": [
            "module.mysqlserver.azurerm_mssql_firewall_rule.firewallsqlblock",
            "module.mysqlserver.azurerm_mssql_server.sqlserverblock",
            "module.prodnic.azurerm_network_interface.nic",
            "module.prodnic.data.azurerm_public_ip.datapip",
            "module.prodnic.data.azurerm_subnet.datasubnet",
            "module.prodsubnet.azurerm_subnet.subnet",
            "module.rgmodule.azurerm_resource_group.rg",
            "module.sqldatabase.data.azurerm_mssql_server.sqldata",
            "module.vmmodule.azurerm_linux_virtual_machine.vm",
            "module.vmmodule.data.azurerm_key_vault.kv",
            "module.vmmodule.data.azurerm_key_vault_secret.vm_password",
            "module.vmmodule.data.azurerm_key_vault_secret.vm_username",
            "module.vmmodule.data.azurerm_network_interface.datanic",
            "module.vnetmodule.azurerm_virtual_network.example"
          ]
        }
      ]
    },
    {
      "module": "module.vmmodule",
      "mode": "data",
      "type": "azurerm_key_vault",
      "name": "kv",
      "provider": "provider[\"registry.terraform.io/hashicorp/azurerm\"]",
      "instances": [
        {
          "schema_version": 0,
          "attributes": {
            "access_policy": [],
            "enable_rbac_authorization": true,
            "enabled_for_deployment": true,
            "enabled_for_disk_encryption": false,
            "enabled_for_template_deployment": false,
            "id": "/subscriptions/bd6e61a5-d2a5-4a90-95dd-c977f616c3b7/resourceGroups/Daksh2/providers/Microsoft.KeyVault/vaults/prodkeyvault007",
            "location": "centralindia",
            "name": "prodkeyvault007",
            "network_acls": [],
            "public_network_access_enabled": true,
            "purge_protection_enabled": false,
            "rbac_authorization_enabled": true,
            "resource_group_name": "Daksh2",
            "sku_name": "standard",
            "tags": {},
            "tenant_id": "cf293ad3-e19f-4ff1-96ed-fddfa5fae4d7",
            "timeouts": null,
            "vault_uri": "https://prodkeyvault007.vault.azure.net/"
          },
          "sensitive_attributes": [],
          "identity_schema_version": 0
        }
      ]
    },
    {
      "module": "module.vmmodule",
      "mode": "data",
      "type": "azurerm_key_vault_secret",
      "name": "vm_password",
      "provider": "provider[\"registry.terraform.io/hashicorp/azurerm\"]",
      "instances": [
        {
          "schema_version": 0,
          "attributes": {
            "content_type": "",
            "expiration_date": "",
            "id": "https://prodkeyvault007.vault.azure.net/secrets/vmpassword/e635ed6c74c94303bc8bcd6ead43201d",
            "key_vault_id": "/subscriptions/bd6e61a5-d2a5-4a90-95dd-c977f616c3b7/resourceGroups/Daksh2/providers/Microsoft.KeyVault/vaults/prodkeyvault007",
            "name": "vmpassword",
            "not_before_date": "",
            "resource_id": "/subscriptions/bd6e61a5-d2a5-4a90-95dd-c977f616c3b7/resourceGroups/Daksh2/providers/Microsoft.KeyVault/vaults/prodkeyvault007/secrets/vmpassword/versions/e635ed6c74c94303bc8bcd6ead43201d",
            "resource_versionless_id": "/subscriptions/bd6e61a5-d2a5-4a90-95dd-c977f616c3b7/resourceGroups/Daksh2/providers/Microsoft.KeyVault/vaults/prodkeyvault007/secrets/vmpassword",
            "tags": {},
            "timeouts": null,
            "value": "Adminpass@123456",
            "version": "e635ed6c74c94303bc8bcd6ead43201d",
            "versionless_id": "https://prodkeyvault007.vault.azure.net/secrets/vmpassword"
          },
          "sensitive_attributes": [
            [
              {
                "type": "get_attr",
                "value": "value"
              }
            ]
          ],
          "identity_schema_version": 0
        }
      ]
    },
    {
      "module": "module.vmmodule",
      "mode": "data",
      "type": "azurerm_key_vault_secret",
      "name": "vm_username",
      "provider": "provider[\"registry.terraform.io/hashicorp/azurerm\"]",
      "instances": [
        {
          "schema_version": 0,
          "attributes": {
            "content_type": "",
            "expiration_date": "",
            "id": "https://prodkeyvault007.vault.azure.net/secrets/vmusername/b80320b9a16f4644a0a7a9891ea0eddc",
            "key_vault_id": "/subscriptions/bd6e61a5-d2a5-4a90-95dd-c977f616c3b7/resourceGroups/Daksh2/providers/Microsoft.KeyVault/vaults/prodkeyvault007",
            "name": "vmusername",
            "not_before_date": "",
            "resource_id": "/subscriptions/bd6e61a5-d2a5-4a90-95dd-c977f616c3b7/resourceGroups/Daksh2/providers/Microsoft.KeyVault/vaults/prodkeyvault007/secrets/vmusername/versions/b80320b9a16f4644a0a7a9891ea0eddc",
            "resource_versionless_id": "/subscriptions/bd6e61a5-d2a5-4a90-95dd-c977f616c3b7/resourceGroups/Daksh2/providers/Microsoft.KeyVault/vaults/prodkeyvault007/secrets/vmusername",
            "tags": {},
            "timeouts": null,
            "value": "adminuser",
            "version": "b80320b9a16f4644a0a7a9891ea0eddc",
            "versionless_id": "https://prodkeyvault007.vault.azure.net/secrets/vmusername"
          },
          "sensitive_attributes": [
            [
              {
                "type": "get_attr",
                "value": "value"
              }
            ]
          ],
          "identity_schema_version": 0
        }
      ]
    },
    {
      "module": "module.vmmodule",
      "mode": "data",
      "type": "azurerm_network_interface",
      "name": "datanic",
      "provider": "provider[\"registry.terraform.io/hashicorp/azurerm\"]",
      "instances": [
        {
          "index_key": "nic1",
          "schema_version": 0,
          "attributes": {
            "accelerated_networking_enabled": false,
            "applied_dns_servers": [],
            "dns_servers": [],
            "id": "/subscriptions/bd6e61a5-d2a5-4a90-95dd-c977f616c3b7/resourceGroups/Daksh1/providers/Microsoft.Network/networkInterfaces/prodnic1",
            "internal_dns_name_label": "",
            "ip_configuration": [
              {
                "application_gateway_backend_address_pools_ids": [],
                "application_security_group_ids": [],
                "gateway_load_balancer_frontend_ip_configuration_id": "",
                "load_balancer_backend_address_pools_ids": [],
                "load_balancer_inbound_nat_rules_ids": [],
                "name": "internal",
                "primary": true,
                "private_ip_address": "10.0.1.4",
                "private_ip_address_allocation": "Dynamic",
                "private_ip_address_version": "IPv4",
                "public_ip_address_id": "/subscriptions/bd6e61a5-d2a5-4a90-95dd-c977f616c3b7/resourceGroups/Daksh1/providers/Microsoft.Network/publicIPAddresses/prodpip1",
                "subnet_id": "/subscriptions/bd6e61a5-d2a5-4a90-95dd-c977f616c3b7/resourceGroups/Daksh1/providers/Microsoft.Network/virtualNetworks/prodvnet1/subnets/prod-subnet1"
              }
            ],
            "ip_forwarding_enabled": false,
            "location": "centralindia",
            "mac_address": "",
            "name": "prodnic1",
            "network_security_group_id": "",
            "private_ip_address": "10.0.1.4",
            "private_ip_addresses": [
              "10.0.1.4"
            ],
            "resource_group_name": "Daksh1",
            "tags": {},
            "timeouts": null,
            "virtual_machine_id": ""
          },
          "sensitive_attributes": [],
          "identity_schema_version": 0
        },
        {
          "index_key": "nic2",
          "schema_version": 0,
          "attributes": {
            "accelerated_networking_enabled": false,
            "applied_dns_servers": [],
            "dns_servers": [],
            "id": "/subscriptions/bd6e61a5-d2a5-4a90-95dd-c977f616c3b7/resourceGroups/Daksh1/providers/Microsoft.Network/networkInterfaces/prodnic2",
            "internal_dns_name_label": "",
            "ip_configuration": [
              {
                "application_gateway_backend_address_pools_ids": [],
                "application_security_group_ids": [],
                "gateway_load_balancer_frontend_ip_configuration_id": "",
                "load_balancer_backend_address_pools_ids": [],
                "load_balancer_inbound_nat_rules_ids": [],
                "name": "internal",
                "primary": true,
                "private_ip_address": "10.0.2.4",
                "private_ip_address_allocation": "Dynamic",
                "private_ip_address_version": "IPv4",
                "public_ip_address_id": "/subscriptions/bd6e61a5-d2a5-4a90-95dd-c977f616c3b7/resourceGroups/Daksh1/providers/Microsoft.Network/publicIPAddresses/prodpip2",
                "subnet_id": "/subscriptions/bd6e61a5-d2a5-4a90-95dd-c977f616c3b7/resourceGroups/Daksh1/providers/Microsoft.Network/virtualNetworks/prodvnet1/subnets/prod-subnet2"
              }
            ],
            "ip_forwarding_enabled": false,
            "location": "centralindia",
            "mac_address": "",
            "name": "prodnic2",
            "network_security_group_id": "",
            "private_ip_address": "10.0.2.4",
            "private_ip_addresses": [
              "10.0.2.4"
            ],
            "resource_group_name": "Daksh1",
            "tags": {},
            "timeouts": null,
            "virtual_machine_id": ""
          },
          "sensitive_attributes": [],
          "identity_schema_version": 0
        }
      ]
    },
    {
      "module": "module.vmmodule",
      "mode": "managed",
      "type": "azurerm_linux_virtual_machine",
      "name": "vm",
      "provider": "provider[\"registry.terraform.io/hashicorp/azurerm\"]",
      "instances": [
        {
          "index_key": "vm1",
          "schema_version": 0,
          "attributes": {
            "additional_capabilities": [],
            "admin_password": "Adminpass@123456",
            "admin_ssh_key": [],
            "admin_username": "adminuser",
            "allow_extension_operations": true,
            "availability_set_id": "",
            "boot_diagnostics": [],
            "bypass_platform_safety_checks_on_user_schedule_enabled": false,
            "capacity_reservation_group_id": "",
            "computer_name": "frontendvm",
            "custom_data": null,
            "dedicated_host_group_id": "",
            "dedicated_host_id": "",
            "disable_password_authentication": false,
            "disk_controller_type": "",
            "edge_zone": "",
            "encryption_at_host_enabled": false,
            "eviction_policy": "",
            "extensions_time_budget": "PT1H30M",
            "gallery_application": [],
            "id": "/subscriptions/bd6e61a5-d2a5-4a90-95dd-c977f616c3b7/resourceGroups/Daksh1/providers/Microsoft.Compute/virtualMachines/frontendvm",
            "identity": [],
            "license_type": "",
            "location": "centralindia",
            "max_bid_price": -1,
            "name": "frontendvm",
            "network_interface_ids": [
              "/subscriptions/bd6e61a5-d2a5-4a90-95dd-c977f616c3b7/resourceGroups/Daksh1/providers/Microsoft.Network/networkInterfaces/prodnic1"
            ],
            "os_disk": [
              {
                "caching": "ReadWrite",
                "diff_disk_settings": [],
                "disk_encryption_set_id": "",
                "disk_size_gb": 30,
                "id": "/subscriptions/bd6e61a5-d2a5-4a90-95dd-c977f616c3b7/resourceGroups/Daksh1/providers/Microsoft.Compute/disks/frontendvm_OsDisk_1_be917dec96ba470eb2b70f2835920ba2",
                "name": "frontendvm_OsDisk_1_be917dec96ba470eb2b70f2835920ba2",
                "secure_vm_disk_encryption_set_id": "",
                "security_encryption_type": "",
                "storage_account_type": "Standard_LRS",
                "write_accelerator_enabled": false
              }
            ],
            "os_image_notification": [],
            "os_managed_disk_id": "/subscriptions/bd6e61a5-d2a5-4a90-95dd-c977f616c3b7/resourceGroups/Daksh1/providers/Microsoft.Compute/disks/frontendvm_OsDisk_1_be917dec96ba470eb2b70f2835920ba2",
            "patch_assessment_mode": "ImageDefault",
            "patch_mode": "ImageDefault",
            "plan": [],
            "platform_fault_domain": -1,
            "priority": "Regular",
            "private_ip_address": "10.0.1.4",
            "private_ip_addresses": [
              "10.0.1.4"
            ],
            "provision_vm_agent": true,
            "proximity_placement_group_id": "",
            "public_ip_address": "74.225.129.134",
            "public_ip_addresses": [
              "74.225.129.134"
            ],
            "reboot_setting": "",
            "resource_group_name": "Daksh1",
            "secret": [],
            "secure_boot_enabled": false,
            "size": "Standard_D2s_v3",
            "source_image_id": "",
            "source_image_reference": [
              {
                "offer": "0001-com-ubuntu-server-focal",
                "publisher": "Canonical",
                "sku": "20_04-lts",
                "version": "latest"
              }
            ],
            "tags": null,
            "termination_notification": null,
            "timeouts": null,
            "user_data": "",
            "virtual_machine_id": "b25dfe23-eeb4-4f91-9c5a-93de2fc39158",
            "virtual_machine_scale_set_id": "",
            "vm_agent_platform_updates_enabled": false,
            "vtpm_enabled": false,
            "zone": ""
          },
          "sensitive_attributes": [
            [
              {
                "type": "get_attr",
                "value": "admin_password"
              }
            ],
            [
              {
                "type": "get_attr",
                "value": "admin_username"
              }
            ],
            [
              {
                "type": "get_attr",
                "value": "custom_data"
              }
            ]
          ],
          "identity_schema_version": 0,
          "private": "eyJlMmJmYjczMC1lY2FhLTExZTYtOGY4OC0zNDM2M2JjN2M0YzAiOnsiY3JlYXRlIjoyNzAwMDAwMDAwMDAwLCJkZWxldGUiOjI3MDAwMDAwMDAwMDAsInJlYWQiOjMwMDAwMDAwMDAwMCwidXBkYXRlIjoyNzAwMDAwMDAwMDAwfX0=",
          "dependencies": [
            "module.prodnic.azurerm_network_interface.nic",
            "module.prodnic.data.azurerm_public_ip.datapip",
            "module.prodnic.data.azurerm_subnet.datasubnet",
            "module.prodsubnet.azurerm_subnet.subnet",
            "module.rgmodule.azurerm_resource_group.rg",
            "module.vmmodule.data.azurerm_key_vault.kv",
            "module.vmmodule.data.azurerm_key_vault_secret.vm_password",
            "module.vmmodule.data.azurerm_key_vault_secret.vm_username",
            "module.vmmodule.data.azurerm_network_interface.datanic",
            "module.vnetmodule.azurerm_virtual_network.example"
          ]
        },
        {
          "index_key": "vm2",
          "schema_version": 0,
          "attributes": {
            "additional_capabilities": [],
            "admin_password": "Adminpass@123456",
            "admin_ssh_key": [],
            "admin_username": "adminuser",
            "allow_extension_operations": true,
            "availability_set_id": "",
            "boot_diagnostics": [],
            "bypass_platform_safety_checks_on_user_schedule_enabled": false,
            "capacity_reservation_group_id": "",
            "computer_name": "backenddvm",
            "custom_data": null,
            "dedicated_host_group_id": "",
            "dedicated_host_id": "",
            "disable_password_authentication": false,
            "disk_controller_type": "",
            "edge_zone": "",
            "encryption_at_host_enabled": false,
            "eviction_policy": "",
            "extensions_time_budget": "PT1H30M",
            "gallery_application": [],
            "id": "/subscriptions/bd6e61a5-d2a5-4a90-95dd-c977f616c3b7/resourceGroups/Daksh1/providers/Microsoft.Compute/virtualMachines/backenddvm",
            "identity": [],
            "license_type": "",
            "location": "centralindia",
            "max_bid_price": -1,
            "name": "backenddvm",
            "network_interface_ids": [
              "/subscriptions/bd6e61a5-d2a5-4a90-95dd-c977f616c3b7/resourceGroups/Daksh1/providers/Microsoft.Network/networkInterfaces/prodnic2"
            ],
            "os_disk": [
              {
                "caching": "ReadWrite",
                "diff_disk_settings": [],
                "disk_encryption_set_id": "",
                "disk_size_gb": 30,
                "id": "/subscriptions/bd6e61a5-d2a5-4a90-95dd-c977f616c3b7/resourceGroups/Daksh1/providers/Microsoft.Compute/disks/backenddvm_OsDisk_1_bfb2452c5f1a419c9a05ff7d6a5c5b81",
                "name": "backenddvm_OsDisk_1_bfb2452c5f1a419c9a05ff7d6a5c5b81",
                "secure_vm_disk_encryption_set_id": "",
                "security_encryption_type": "",
                "storage_account_type": "Standard_LRS",
                "write_accelerator_enabled": false
              }
            ],
            "os_image_notification": [],
            "os_managed_disk_id": "/subscriptions/bd6e61a5-d2a5-4a90-95dd-c977f616c3b7/resourceGroups/Daksh1/providers/Microsoft.Compute/disks/backenddvm_OsDisk_1_bfb2452c5f1a419c9a05ff7d6a5c5b81",
            "patch_assessment_mode": "ImageDefault",
            "patch_mode": "ImageDefault",
            "plan": [],
            "platform_fault_domain": -1,
            "priority": "Regular",
            "private_ip_address": "10.0.2.4",
            "private_ip_addresses": [
              "10.0.2.4"
            ],
            "provision_vm_agent": true,
            "proximity_placement_group_id": "",
            "public_ip_address": "74.225.138.116",
            "public_ip_addresses": [
              "74.225.138.116"
            ],
            "reboot_setting": "",
            "resource_group_name": "Daksh1",
            "secret": [],
            "secure_boot_enabled": false,
            "size": "Standard_D2s_v3",
            "source_image_id": "",
            "source_image_reference": [
              {
                "offer": "0001-com-ubuntu-server-focal",
                "publisher": "Canonical",
                "sku": "20_04-lts",
                "version": "latest"
              }
            ],
            "tags": null,
            "termination_notification": null,
            "timeouts": null,
            "user_data": "",
            "virtual_machine_id": "0a43a09f-5682-40e8-9d48-de074345c603",
            "virtual_machine_scale_set_id": "",
            "vm_agent_platform_updates_enabled": false,
            "vtpm_enabled": false,
            "zone": ""
          },
          "sensitive_attributes": [
            [
              {
                "type": "get_attr",
                "value": "admin_password"
              }
            ],
            [
              {
                "type": "get_attr",
                "value": "admin_username"
              }
            ],
            [
              {
                "type": "get_attr",
                "value": "custom_data"
              }
            ]
          ],
          "identity_schema_version": 0,
          "private": "eyJlMmJmYjczMC1lY2FhLTExZTYtOGY4OC0zNDM2M2JjN2M0YzAiOnsiY3JlYXRlIjoyNzAwMDAwMDAwMDAwLCJkZWxldGUiOjI3MDAwMDAwMDAwMDAsInJlYWQiOjMwMDAwMDAwMDAwMCwidXBkYXRlIjoyNzAwMDAwMDAwMDAwfX0=",
          "dependencies": [
            "module.prodnic.azurerm_network_interface.nic",
            "module.prodnic.data.azurerm_public_ip.datapip",
            "module.prodnic.data.azurerm_subnet.datasubnet",
            "module.prodsubnet.azurerm_subnet.subnet",
            "module.rgmodule.azurerm_resource_group.rg",
            "module.vmmodule.data.azurerm_key_vault.kv",
            "module.vmmodule.data.azurerm_key_vault_secret.vm_password",
            "module.vmmodule.data.azurerm_key_vault_secret.vm_username",
            "module.vmmodule.data.azurerm_network_interface.datanic",
            "module.vnetmodule.azurerm_virtual_network.example"
          ]
        }
      ]
    },
    {
      "module": "module.vnetmodule",
      "mode": "managed",
      "type": "azurerm_virtual_network",
      "name": "example",
      "provider": "provider[\"registry.terraform.io/hashicorp/azurerm\"]",
      "instances": [
        {
          "index_key": "vnet1",
          "schema_version": 0,
          "attributes": {
            "address_space": [
              "10.0.0.0/16"
            ],
            "bgp_community": "",
            "ddos_protection_plan": [],
            "dns_servers": [],
            "edge_zone": "",
            "encryption": [],
            "flow_timeout_in_minutes": 0,
            "guid": "0592390c-3259-4915-9ffb-eb07ea499445",
            "id": "/subscriptions/bd6e61a5-d2a5-4a90-95dd-c977f616c3b7/resourceGroups/Daksh1/providers/Microsoft.Network/virtualNetworks/prodvnet1",
            "ip_address_pool": [],
            "location": "centralindia",
            "name": "prodvnet1",
            "private_endpoint_vnet_policies": "Disabled",
            "resource_group_name": "Daksh1",
            "subnet": [],
            "tags": null,
            "timeouts": null
          },
          "sensitive_attributes": [],
          "identity_schema_version": 0,
          "identity": {
            "name": "prodvnet1",
            "resource_group_name": "Daksh1",
            "subscription_id": "bd6e61a5-d2a5-4a90-95dd-c977f616c3b7"
          },
          "private": "eyJlMmJmYjczMC1lY2FhLTExZTYtOGY4OC0zNDM2M2JjN2M0YzAiOnsiY3JlYXRlIjoxODAwMDAwMDAwMDAwLCJkZWxldGUiOjE4MDAwMDAwMDAwMDAsInJlYWQiOjMwMDAwMDAwMDAwMCwidXBkYXRlIjoxODAwMDAwMDAwMDAwfX0=",
          "dependencies": [
            "module.rgmodule.azurerm_resource_group.rg"
          ]
        }
      ]
    }
  ],
  "check_results": null
}
